
Microsoft Visual Studio Solution File, Format Version 11.00
# Visual Studio Version 17

Project("{8BC9CEB8-8B4A-11D0-8D11-00A0C91BC942}") = "scsc - Standalone Plugin", "scsc_StandalonePlugin.vcxproj", "{710F9202-1607-7896-CC15-E2B58D535D2F}"
	ProjectSection(ProjectDependencies) = postProject
		{C35EB62F-3005-330B-C439-9D348652E134} = {C35EB62F-3005-330B-C439-9D348652E134}
	EndProjectSection
EndProject
Project("{8BC9CEB8-8B4A-11D0-8D11-00A0C91BC942}") = "scsc - VST3", "scsc_VST3.vcxproj", "{7DA92545-C7F7-5B95-13D0-794325B445BE}"
	ProjectSection(ProjectDependencies) = postProject
		{C35EB62F-3005-330B-C439-9D348652E134} = {C35EB62F-3005-330B-C439-9D348652E134}
		{6F0112BD-CA2D-B09F-0D5C-B1CE934D8D63} = {6F0112BD-CA2D-B09F-0D5C-B1CE934D8D63}
	EndProjectSection
EndProject
Project("{8BC9CEB8-8B4A-11D0-8D11-00A0C91BC942}") = "scsc - Shared Code", "scsc_SharedCode.vcxproj", "{C35EB62F-3005-330B-C439-9D348652E134}"
EndProject
Project("{8BC9CEB8-8B4A-11D0-8D11-00A0C91BC942}") = "scsc - VST3 Manifest Helper", "scsc_VST3ManifestHelper.vcxproj", "{6F0112BD-CA2D-B09F-0D5C-B1CE934D8D63}"
EndProject
Global
	GlobalSection(SolutionConfigurationPlatforms) = preSolution
		Debug|x64 = Debug|x64
		Release|x64 = Release|x64
	EndGlobalSection
	GlobalSection(ProjectConfigurationPlatforms) = postSolution
		{7DA92545-C7F7-5B95-13D0-794325B445BE}.Debug|x64.ActiveCfg = Debug|x64
		{7DA92545-C7F7-5B95-13D0-794325B445BE}.Debug|x64.Build.0 = Debug|x64
		{7DA92545-C7F7-5B95-13D0-794325B445BE}.Release|x64.ActiveCfg = Release|x64
		{7DA92545-C7F7-5B95-13D0-794325B445BE}.Release|x64.Build.0 = Release|x64
		{710F9202-1607-7896-CC15-E2B58D535D2F}.Debug|x64.ActiveCfg = Debug|x64
		{710F9202-1607-7896-CC15-E2B58D535D2F}.Debug|x64.Build.0 = Debug|x64
		{710F9202-1607-7896-CC15-E2B58D535D2F}.Release|x64.ActiveCfg = Release|x64
		{710F9202-1607-7896-CC15-E2B58D535D2F}.Release|x64.Build.0 = Release|x64
		{C35EB62F-3005-330B-C439-9D348652E134}.Debug|x64.ActiveCfg = Debug|x64
		{C35EB62F-3005-330B-C439-9D348652E134}.Debug|x64.Build.0 = Debug|x64
		{C35EB62F-3005-330B-C439-9D348652E134}.Release|x64.ActiveCfg = Release|x64
		{C35EB62F-3005-330B-C439-9D348652E134}.Release|x64.Build.0 = Release|x64
		{6F0112BD-CA2D-B09F-0D5C-B1CE934D8D63}.Debug|x64.ActiveCfg = Debug|x64
		{6F0112BD-CA2D-B09F-0D5C-B1CE934D8D63}.Debug|x64.Build.0 = Debug|x64
		{6F0112BD-CA2D-B09F-0D5C-B1CE934D8D63}.Release|x64.ActiveCfg = Release|x64
		{6F0112BD-CA2D-B09F-0D5C-B1CE934D8D63}.Release|x64.Build.0 = Release|x64
	EndGlobalSection
	GlobalSection(SolutionProperties) = preSolution
		HideSolutionNode = FALSE
	EndGlobalSection
EndGlobal
